
Microsoft Visual Studio Solution File, Format Version 12.00
# Visual Studio Version 16
VisualStudioVersion = 16.0.29521.150
MinimumVisualStudioVersion = 10.0.40219.1
Project("{FAE04EC0-301F-11D3-BF4B-00C04F79EFBC}") = "KuuhakuFramework.AspNetCore.DependencyInjection", "KuuhakuFramework.AspNetCore.DependencyInjection\KuuhakuFramework.AspNetCore.DependencyInjection.csproj", "{813486E7-D083-4C75-859E-8973C8ADC2D7}"
EndProject
Project("{FAE04EC0-301F-11D3-BF4B-00C04F79EFBC}") = "KuuhakuFramework.AspNetCore.Security", "KuuhakuFramework.AspNetCore.Security\KuuhakuFramework.AspNetCore.Security.csproj", "{8C763A2C-862F-4048-AC23-80859BF0D380}"
EndProject
Global
	GlobalSection(SolutionConfigurationPlatforms) = preSolution
		Debug|Any CPU = Debug|Any CPU
		Release|Any CPU = Release|Any CPU
	EndGlobalSection
	GlobalSection(ProjectConfigurationPlatforms) = postSolution
		{813486E7-D083-4C75-859E-8973C8ADC2D7}.Debug|Any CPU.ActiveCfg = Debug|Any CPU
		{813486E7-D083-4C75-859E-8973C8ADC2D7}.Debug|Any CPU.Build.0 = Debug|Any CPU
		{813486E7-D083-4C75-859E-8973C8ADC2D7}.Release|Any CPU.ActiveCfg = Release|Any CPU
		{813486E7-D083-4C75-859E-8973C8ADC2D7}.Release|Any CPU.Build.0 = Release|Any CPU
		{8C763A2C-862F-4048-AC23-80859BF0D380}.Debug|Any CPU.ActiveCfg = Debug|Any CPU
		{8C763A2C-862F-4048-AC23-80859BF0D380}.Debug|Any CPU.Build.0 = Debug|Any CPU
		{8C763A2C-862F-4048-AC23-80859BF0D380}.Release|Any CPU.ActiveCfg = Release|Any CPU
		{8C763A2C-862F-4048-AC23-80859BF0D380}.Release|Any CPU.Build.0 = Release|Any CPU
	EndGlobalSection
	GlobalSection(SolutionProperties) = preSolution
		HideSolutionNode = FALSE
	EndGlobalSection
	GlobalSection(ExtensibilityGlobals) = postSolution
		SolutionGuid = {AE12B76F-3F19-4EE0-8F63-44C2E6814B90}
	EndGlobalSection
EndGlobal
